# THIS IS AN AUTOGENERATED FILE. DO NOT EDIT THIS FILE DIRECTLY.
# yarn lockfile v1


react-loading-skeleton@^3.5.0:
  version "3.5.0"
  resolved "https://registry.yarnpkg.com/react-loading-skeleton/-/react-loading-skeleton-3.5.0.tgz#da2090355b4dedcad5c53cb3f0ed364e3a76d6ca"
  integrity sha512-gxxSyLbrEAdXTKgfbpBEFZCO/P153DnqSCQau2+o6lNy1jgMRr2MmRmOzMmyrwSaSYLRB8g7b0waYPmUjz7IhQ==
